
Microsoft Visual Studio Solution File, Format Version 12.00
# Visual Studio 15
VisualStudioVersion = 15.0.27428.2043
MinimumVisualStudioVersion = 10.0.40219.1
Project("{2150E333-8FDC-42A3-9474-1A3956D46DE8}") = "src", "src", "{593281B8-6657-4E71-80AD-3CD7ED584979}"
EndProject
Project("{2150E333-8FDC-42A3-9474-1A3956D46DE8}") = "test", "test", "{B24A93C0-B68F-4CF7-95FF-AB9822A07D54}"
EndProject
Project("{FAE04EC0-301F-11D3-BF4B-00C04F79EFBC}") = "EntityHistory.Core", "src\EntityHistory.Core\EntityHistory.Core.csproj", "{6A8D2E48-A827-4D4F-9EF3-B80204429004}"
EndProject
Project("{FAE04EC0-301F-11D3-BF4B-00C04F79EFBC}") = "EntityHistory.EntityFramework", "src\EntityHistory.EntityFramework\EntityHistory.EntityFramework.csproj", "{7E4C8A58-1C40-41CE-BB8F-34301E8611FD}"
EndProject
Project("{FAE04EC0-301F-11D3-BF4B-00C04F79EFBC}") = "EntityHistory.EntityFrameworkCore", "src\EntityHistory.EntityFrameworkCore\EntityHistory.EntityFrameworkCore.csproj", "{4C694598-5A50-424B-BE55-A37E5F8F3B90}"
EndProject
Project("{FAE04EC0-301F-11D3-BF4B-00C04F79EFBC}") = "EntityHistory.NHibernate", "src\EntityHistory.NHibernate\EntityHistory.NHibernate.csproj", "{F715AFDC-F783-40E0-A9E3-3C7076D1BCB2}"
EndProject
Global
	GlobalSection(SolutionConfigurationPlatforms) = preSolution
		Debug|Any CPU = Debug|Any CPU
		Release|Any CPU = Release|Any CPU
	EndGlobalSection
	GlobalSection(ProjectConfigurationPlatforms) = postSolution
		{6A8D2E48-A827-4D4F-9EF3-B80204429004}.Debug|Any CPU.ActiveCfg = Debug|Any CPU
		{6A8D2E48-A827-4D4F-9EF3-B80204429004}.Debug|Any CPU.Build.0 = Debug|Any CPU
		{6A8D2E48-A827-4D4F-9EF3-B80204429004}.Release|Any CPU.ActiveCfg = Release|Any CPU
		{6A8D2E48-A827-4D4F-9EF3-B80204429004}.Release|Any CPU.Build.0 = Release|Any CPU
		{7E4C8A58-1C40-41CE-BB8F-34301E8611FD}.Debug|Any CPU.ActiveCfg = Debug|Any CPU
		{7E4C8A58-1C40-41CE-BB8F-34301E8611FD}.Debug|Any CPU.Build.0 = Debug|Any CPU
		{7E4C8A58-1C40-41CE-BB8F-34301E8611FD}.Release|Any CPU.ActiveCfg = Release|Any CPU
		{7E4C8A58-1C40-41CE-BB8F-34301E8611FD}.Release|Any CPU.Build.0 = Release|Any CPU
		{4C694598-5A50-424B-BE55-A37E5F8F3B90}.Debug|Any CPU.ActiveCfg = Debug|Any CPU
		{4C694598-5A50-424B-BE55-A37E5F8F3B90}.Debug|Any CPU.Build.0 = Debug|Any CPU
		{4C694598-5A50-424B-BE55-A37E5F8F3B90}.Release|Any CPU.ActiveCfg = Release|Any CPU
		{4C694598-5A50-424B-BE55-A37E5F8F3B90}.Release|Any CPU.Build.0 = Release|Any CPU
		{F715AFDC-F783-40E0-A9E3-3C7076D1BCB2}.Debug|Any CPU.ActiveCfg = Debug|Any CPU
		{F715AFDC-F783-40E0-A9E3-3C7076D1BCB2}.Debug|Any CPU.Build.0 = Debug|Any CPU
		{F715AFDC-F783-40E0-A9E3-3C7076D1BCB2}.Release|Any CPU.ActiveCfg = Release|Any CPU
		{F715AFDC-F783-40E0-A9E3-3C7076D1BCB2}.Release|Any CPU.Build.0 = Release|Any CPU
	EndGlobalSection
	GlobalSection(SolutionProperties) = preSolution
		HideSolutionNode = FALSE
	EndGlobalSection
	GlobalSection(NestedProjects) = preSolution
		{6A8D2E48-A827-4D4F-9EF3-B80204429004} = {593281B8-6657-4E71-80AD-3CD7ED584979}
		{7E4C8A58-1C40-41CE-BB8F-34301E8611FD} = {593281B8-6657-4E71-80AD-3CD7ED584979}
		{4C694598-5A50-424B-BE55-A37E5F8F3B90} = {593281B8-6657-4E71-80AD-3CD7ED584979}
		{F715AFDC-F783-40E0-A9E3-3C7076D1BCB2} = {593281B8-6657-4E71-80AD-3CD7ED584979}
	EndGlobalSection
	GlobalSection(ExtensibilityGlobals) = postSolution
		SolutionGuid = {D2D09843-C0D5-4D7E-B523-7C23D80CA8B9}
	EndGlobalSection
EndGlobal
