
Microsoft Visual Studio Solution File, Format Version 12.00
# Visual Studio 15
VisualStudioVersion = 15.0.27428.2043
MinimumVisualStudioVersion = 10.0.40219.1
Project("{2150E333-8FDC-42A3-9474-1A3956D46DE8}") = "src", "src", "{593281B8-6657-4E71-80AD-3CD7ED584979}"
EndProject
Project("{2150E333-8FDC-42A3-9474-1A3956D46DE8}") = "test", "test", "{B24A93C0-B68F-4CF7-95FF-AB9822A07D54}"
EndProject
Project("{FAE04EC0-301F-11D3-BF4B-00C04F79EFBC}") = "EntityHistory.Core", "src\EntityHistory.Core\EntityHistory.Core.csproj", "{6A8D2E48-A827-4D4F-9EF3-B80204429004}"
EndProject
Project("{FAE04EC0-301F-11D3-BF4B-00C04F79EFBC}") = "EntityHistory.EntityFramework", "src\EntityHistory.EntityFramework\EntityHistory.EntityFramework.csproj", "{7E4C8A58-1C40-41CE-BB8F-34301E8611FD}"
EndProject
Project("{FAE04EC0-301F-11D3-BF4B-00C04F79EFBC}") = "EntityHistory.EntityFrameworkCore", "src\EntityHistory.EntityFrameworkCore\EntityHistory.EntityFrameworkCore.csproj", "{4C694598-5A50-424B-BE55-A37E5F8F3B90}"
EndProject
Project("{FAE04EC0-301F-11D3-BF4B-00C04F79EFBC}") = "EntityHistory.NHibernate", "src\EntityHistory.NHibernate\EntityHistory.NHibernate.csproj", "{F715AFDC-F783-40E0-A9E3-3C7076D1BCB2}"
EndProject
Project("{FAE04EC0-301F-11D3-BF4B-00C04F79EFBC}") = "EntityHistory.EntityFrameworkCore.Identity", "src\EntityHistory.EntityFrameworkCore.Identity\EntityHistory.EntityFrameworkCore.Identity.csproj", "{9F6B0723-1792-4378-A9E0-AB474D3CA621}"
EndProject
Project("{FAE04EC0-301F-11D3-BF4B-00C04F79EFBC}") = "EntityHistory.EntityFramework.Identity", "src\EntityHistory.EntityFramework.Identity\EntityHistory.EntityFramework.Identity.csproj", "{C43FA7B4-363D-4D96-B4FC-E6BD21A3C7D8}"
EndProject
Project("{FAE04EC0-301F-11D3-BF4B-00C04F79EFBC}") = "EntityHistory.EntityFramework.Tests", "test\EntityHistory.EntityFramework.Tests\EntityHistory.EntityFramework.Tests.csproj", "{E5B604BA-429E-4589-8A69-FC7F6C128DFA}"
EndProject
Project("{FAE04EC0-301F-11D3-BF4B-00C04F79EFBC}") = "EntityHistory.EntityFramework.Identity.Tests", "test\EntityHistory.EntityFramework.Identity.Tests\EntityHistory.EntityFramework.Identity.Tests.csproj", "{B1EA63EA-D67A-4067-A982-66F37C938B4B}"
EndProject
Project("{FAE04EC0-301F-11D3-BF4B-00C04F79EFBC}") = "EntityHistory.EntityFrameworkCore.Tests", "test\EntityHistory.EntityFrameworkCore.Tests\EntityHistory.EntityFrameworkCore.Tests.csproj", "{3B9ECCF6-3494-42AE-BEF8-9EB16B7DFA90}"
EndProject
Project("{FAE04EC0-301F-11D3-BF4B-00C04F79EFBC}") = "EntityHistory.EntityFrameworkCore.Identity.Tests", "test\EntityHistory.EntityFrameworkCore.Identity.Tests\EntityHistory.EntityFrameworkCore.Identity.Tests.csproj", "{C8592F40-6D5E-49F2-A949-E890516E3924}"
EndProject
Project("{2150E333-8FDC-42A3-9474-1A3956D46DE8}") = "EntityFramework", "EntityFramework", "{9DC6B520-5130-4E22-8264-3674647D14E7}"
EndProject
Project("{2150E333-8FDC-42A3-9474-1A3956D46DE8}") = "EntityFrameworkCore", "EntityFrameworkCore", "{96197B8E-6AA1-4393-8897-E784F8476036}"
EndProject
Project("{2150E333-8FDC-42A3-9474-1A3956D46DE8}") = "NHibernate", "NHibernate", "{9DC8489A-2DF4-41CF-B201-C5B692CE172E}"
EndProject
Project("{FAE04EC0-301F-11D3-BF4B-00C04F79EFBC}") = "EntityHistory.EntityFramework.Common", "src\EntityHistory.EntityFramework.Common\EntityHistory.EntityFramework.Common.csproj", "{85C5607D-F83B-433E-A70C-17E2319C11C1}"
EndProject
Project("{FAE04EC0-301F-11D3-BF4B-00C04F79EFBC}") = "EntityHistory.EntityFrameworkCore.Common", "src\EntityHistory.EntityFrameworkCore.Common\EntityHistory.EntityFrameworkCore.Common.csproj", "{A88F17EB-0816-4CBB-BC95-3679EEC23DBE}"
EndProject
Project("{FAE04EC0-301F-11D3-BF4B-00C04F79EFBC}") = "EntityHistory.Abstractions", "src\EntityHistory.Abstractions\EntityHistory.Abstractions.csproj", "{C12BD493-647E-4AB7-A42A-31A5C02F9AC9}"
EndProject
Project("{FAE04EC0-301F-11D3-BF4B-00C04F79EFBC}") = "EntityHistory.Configuration", "src\EntityHistory.Configuration\EntityHistory.Configuration.csproj", "{42AE285B-F48D-4E07-892E-EEF957F87A8B}"
EndProject
Project("{FAE04EC0-301F-11D3-BF4B-00C04F79EFBC}") = "EntityHistory.TestBase", "test\EntityHistory.TestBase\EntityHistory.TestBase.csproj", "{4791F9F3-873D-4A01-9157-39F8D9F3A161}"
EndProject
Global
	GlobalSection(SolutionConfigurationPlatforms) = preSolution
		Debug|Any CPU = Debug|Any CPU
		Release|Any CPU = Release|Any CPU
	EndGlobalSection
	GlobalSection(ProjectConfigurationPlatforms) = postSolution
		{6A8D2E48-A827-4D4F-9EF3-B80204429004}.Debug|Any CPU.ActiveCfg = Debug|Any CPU
		{6A8D2E48-A827-4D4F-9EF3-B80204429004}.Debug|Any CPU.Build.0 = Debug|Any CPU
		{6A8D2E48-A827-4D4F-9EF3-B80204429004}.Release|Any CPU.ActiveCfg = Release|Any CPU
		{6A8D2E48-A827-4D4F-9EF3-B80204429004}.Release|Any CPU.Build.0 = Release|Any CPU
		{7E4C8A58-1C40-41CE-BB8F-34301E8611FD}.Debug|Any CPU.ActiveCfg = Debug|Any CPU
		{7E4C8A58-1C40-41CE-BB8F-34301E8611FD}.Debug|Any CPU.Build.0 = Debug|Any CPU
		{7E4C8A58-1C40-41CE-BB8F-34301E8611FD}.Release|Any CPU.ActiveCfg = Release|Any CPU
		{7E4C8A58-1C40-41CE-BB8F-34301E8611FD}.Release|Any CPU.Build.0 = Release|Any CPU
		{4C694598-5A50-424B-BE55-A37E5F8F3B90}.Debug|Any CPU.ActiveCfg = Debug|Any CPU
		{4C694598-5A50-424B-BE55-A37E5F8F3B90}.Debug|Any CPU.Build.0 = Debug|Any CPU
		{4C694598-5A50-424B-BE55-A37E5F8F3B90}.Release|Any CPU.ActiveCfg = Release|Any CPU
		{4C694598-5A50-424B-BE55-A37E5F8F3B90}.Release|Any CPU.Build.0 = Release|Any CPU
		{F715AFDC-F783-40E0-A9E3-3C7076D1BCB2}.Debug|Any CPU.ActiveCfg = Debug|Any CPU
		{F715AFDC-F783-40E0-A9E3-3C7076D1BCB2}.Debug|Any CPU.Build.0 = Debug|Any CPU
		{F715AFDC-F783-40E0-A9E3-3C7076D1BCB2}.Release|Any CPU.ActiveCfg = Release|Any CPU
		{F715AFDC-F783-40E0-A9E3-3C7076D1BCB2}.Release|Any CPU.Build.0 = Release|Any CPU
		{9F6B0723-1792-4378-A9E0-AB474D3CA621}.Debug|Any CPU.ActiveCfg = Debug|Any CPU
		{9F6B0723-1792-4378-A9E0-AB474D3CA621}.Debug|Any CPU.Build.0 = Debug|Any CPU
		{9F6B0723-1792-4378-A9E0-AB474D3CA621}.Release|Any CPU.ActiveCfg = Release|Any CPU
		{9F6B0723-1792-4378-A9E0-AB474D3CA621}.Release|Any CPU.Build.0 = Release|Any CPU
		{C43FA7B4-363D-4D96-B4FC-E6BD21A3C7D8}.Debug|Any CPU.ActiveCfg = Debug|Any CPU
		{C43FA7B4-363D-4D96-B4FC-E6BD21A3C7D8}.Debug|Any CPU.Build.0 = Debug|Any CPU
		{C43FA7B4-363D-4D96-B4FC-E6BD21A3C7D8}.Release|Any CPU.ActiveCfg = Release|Any CPU
		{C43FA7B4-363D-4D96-B4FC-E6BD21A3C7D8}.Release|Any CPU.Build.0 = Release|Any CPU
		{E5B604BA-429E-4589-8A69-FC7F6C128DFA}.Debug|Any CPU.ActiveCfg = Debug|Any CPU
		{E5B604BA-429E-4589-8A69-FC7F6C128DFA}.Debug|Any CPU.Build.0 = Debug|Any CPU
		{E5B604BA-429E-4589-8A69-FC7F6C128DFA}.Release|Any CPU.ActiveCfg = Release|Any CPU
		{E5B604BA-429E-4589-8A69-FC7F6C128DFA}.Release|Any CPU.Build.0 = Release|Any CPU
		{B1EA63EA-D67A-4067-A982-66F37C938B4B}.Debug|Any CPU.ActiveCfg = Debug|Any CPU
		{B1EA63EA-D67A-4067-A982-66F37C938B4B}.Debug|Any CPU.Build.0 = Debug|Any CPU
		{B1EA63EA-D67A-4067-A982-66F37C938B4B}.Release|Any CPU.ActiveCfg = Release|Any CPU
		{B1EA63EA-D67A-4067-A982-66F37C938B4B}.Release|Any CPU.Build.0 = Release|Any CPU
		{3B9ECCF6-3494-42AE-BEF8-9EB16B7DFA90}.Debug|Any CPU.ActiveCfg = Debug|Any CPU
		{3B9ECCF6-3494-42AE-BEF8-9EB16B7DFA90}.Debug|Any CPU.Build.0 = Debug|Any CPU
		{3B9ECCF6-3494-42AE-BEF8-9EB16B7DFA90}.Release|Any CPU.ActiveCfg = Release|Any CPU
		{3B9ECCF6-3494-42AE-BEF8-9EB16B7DFA90}.Release|Any CPU.Build.0 = Release|Any CPU
		{C8592F40-6D5E-49F2-A949-E890516E3924}.Debug|Any CPU.ActiveCfg = Debug|Any CPU
		{C8592F40-6D5E-49F2-A949-E890516E3924}.Debug|Any CPU.Build.0 = Debug|Any CPU
		{C8592F40-6D5E-49F2-A949-E890516E3924}.Release|Any CPU.ActiveCfg = Release|Any CPU
		{C8592F40-6D5E-49F2-A949-E890516E3924}.Release|Any CPU.Build.0 = Release|Any CPU
		{85C5607D-F83B-433E-A70C-17E2319C11C1}.Debug|Any CPU.ActiveCfg = Debug|Any CPU
		{85C5607D-F83B-433E-A70C-17E2319C11C1}.Debug|Any CPU.Build.0 = Debug|Any CPU
		{85C5607D-F83B-433E-A70C-17E2319C11C1}.Release|Any CPU.ActiveCfg = Release|Any CPU
		{85C5607D-F83B-433E-A70C-17E2319C11C1}.Release|Any CPU.Build.0 = Release|Any CPU
		{A88F17EB-0816-4CBB-BC95-3679EEC23DBE}.Debug|Any CPU.ActiveCfg = Debug|Any CPU
		{A88F17EB-0816-4CBB-BC95-3679EEC23DBE}.Debug|Any CPU.Build.0 = Debug|Any CPU
		{A88F17EB-0816-4CBB-BC95-3679EEC23DBE}.Release|Any CPU.ActiveCfg = Release|Any CPU
		{A88F17EB-0816-4CBB-BC95-3679EEC23DBE}.Release|Any CPU.Build.0 = Release|Any CPU
		{C12BD493-647E-4AB7-A42A-31A5C02F9AC9}.Debug|Any CPU.ActiveCfg = Debug|Any CPU
		{C12BD493-647E-4AB7-A42A-31A5C02F9AC9}.Debug|Any CPU.Build.0 = Debug|Any CPU
		{C12BD493-647E-4AB7-A42A-31A5C02F9AC9}.Release|Any CPU.ActiveCfg = Release|Any CPU
		{C12BD493-647E-4AB7-A42A-31A5C02F9AC9}.Release|Any CPU.Build.0 = Release|Any CPU
		{42AE285B-F48D-4E07-892E-EEF957F87A8B}.Debug|Any CPU.ActiveCfg = Debug|Any CPU
		{42AE285B-F48D-4E07-892E-EEF957F87A8B}.Debug|Any CPU.Build.0 = Debug|Any CPU
		{42AE285B-F48D-4E07-892E-EEF957F87A8B}.Release|Any CPU.ActiveCfg = Release|Any CPU
		{42AE285B-F48D-4E07-892E-EEF957F87A8B}.Release|Any CPU.Build.0 = Release|Any CPU
		{4791F9F3-873D-4A01-9157-39F8D9F3A161}.Debug|Any CPU.ActiveCfg = Debug|Any CPU
		{4791F9F3-873D-4A01-9157-39F8D9F3A161}.Debug|Any CPU.Build.0 = Debug|Any CPU
		{4791F9F3-873D-4A01-9157-39F8D9F3A161}.Release|Any CPU.ActiveCfg = Release|Any CPU
		{4791F9F3-873D-4A01-9157-39F8D9F3A161}.Release|Any CPU.Build.0 = Release|Any CPU
	EndGlobalSection
	GlobalSection(SolutionProperties) = preSolution
		HideSolutionNode = FALSE
	EndGlobalSection
	GlobalSection(NestedProjects) = preSolution
		{6A8D2E48-A827-4D4F-9EF3-B80204429004} = {593281B8-6657-4E71-80AD-3CD7ED584979}
		{7E4C8A58-1C40-41CE-BB8F-34301E8611FD} = {9DC6B520-5130-4E22-8264-3674647D14E7}
		{4C694598-5A50-424B-BE55-A37E5F8F3B90} = {96197B8E-6AA1-4393-8897-E784F8476036}
		{F715AFDC-F783-40E0-A9E3-3C7076D1BCB2} = {9DC8489A-2DF4-41CF-B201-C5B692CE172E}
		{9F6B0723-1792-4378-A9E0-AB474D3CA621} = {96197B8E-6AA1-4393-8897-E784F8476036}
		{C43FA7B4-363D-4D96-B4FC-E6BD21A3C7D8} = {9DC6B520-5130-4E22-8264-3674647D14E7}
		{E5B604BA-429E-4589-8A69-FC7F6C128DFA} = {B24A93C0-B68F-4CF7-95FF-AB9822A07D54}
		{B1EA63EA-D67A-4067-A982-66F37C938B4B} = {B24A93C0-B68F-4CF7-95FF-AB9822A07D54}
		{3B9ECCF6-3494-42AE-BEF8-9EB16B7DFA90} = {B24A93C0-B68F-4CF7-95FF-AB9822A07D54}
		{C8592F40-6D5E-49F2-A949-E890516E3924} = {B24A93C0-B68F-4CF7-95FF-AB9822A07D54}
		{9DC6B520-5130-4E22-8264-3674647D14E7} = {593281B8-6657-4E71-80AD-3CD7ED584979}
		{96197B8E-6AA1-4393-8897-E784F8476036} = {593281B8-6657-4E71-80AD-3CD7ED584979}
		{9DC8489A-2DF4-41CF-B201-C5B692CE172E} = {593281B8-6657-4E71-80AD-3CD7ED584979}
		{85C5607D-F83B-433E-A70C-17E2319C11C1} = {9DC6B520-5130-4E22-8264-3674647D14E7}
		{A88F17EB-0816-4CBB-BC95-3679EEC23DBE} = {96197B8E-6AA1-4393-8897-E784F8476036}
		{C12BD493-647E-4AB7-A42A-31A5C02F9AC9} = {593281B8-6657-4E71-80AD-3CD7ED584979}
		{42AE285B-F48D-4E07-892E-EEF957F87A8B} = {593281B8-6657-4E71-80AD-3CD7ED584979}
		{4791F9F3-873D-4A01-9157-39F8D9F3A161} = {B24A93C0-B68F-4CF7-95FF-AB9822A07D54}
	EndGlobalSection
	GlobalSection(ExtensibilityGlobals) = postSolution
		SolutionGuid = {D2D09843-C0D5-4D7E-B523-7C23D80CA8B9}
	EndGlobalSection
EndGlobal
